// !$*UTF8*$!
{
	archiveVersion = 1;
	classes = {
	};
	objectVersion = 70;
	objects = {

/* Begin PBXBuildFile section */
		AB3D8AB12C94DEFF00C55CAF /* SampleDataPreviewModifier.swift in Sources */ = {isa = PBXBuildFile; fileRef = AB3D8AB02C94DEFF00C55CAF /* SampleDataPreviewModifier.swift */; };
		AB3D8AB32C94EE7500C55CAF /* ModelConfiguration+Extension.swift in Sources */ = {isa = PBXBuildFile; fileRef = AB3D8AB22C94EE7500C55CAF /* ModelConfiguration+Extension.swift */; };
		AB3D8AB72C94F32100C55CAF /* DependencyRelatedContent.swift in Sources */ = {isa = PBXBuildFile; fileRef = AB3D8AB62C94F32100C55CAF /* DependencyRelatedContent.swift */; };
		AB3D8AC22C94F8EE00C55CAF /* SettingsScreen.swift in Sources */ = {isa = PBXBuildFile; fileRef = AB3D8AC12C94F8EE00C55CAF /* SettingsScreen.swift */; };
		AB6A54502C8DE9B900B8E001 /* Nachhilfe_ManagerApp.swift in Sources */ = {isa = PBXBuildFile; fileRef = AB6A544F2C8DE9B900B8E001 /* Nachhilfe_ManagerApp.swift */; };
		AB6A54522C8DE9B900B8E001 /* ContentView.swift in Sources */ = {isa = PBXBuildFile; fileRef = AB6A54512C8DE9B900B8E001 /* ContentView.swift */; };
		AB6A54542C8DE9BB00B8E001 /* Assets.xcassets in Resources */ = {isa = PBXBuildFile; fileRef = AB6A54532C8DE9BB00B8E001 /* Assets.xcassets */; };
		AB6A54582C8DE9BB00B8E001 /* Preview Assets.xcassets in Resources */ = {isa = PBXBuildFile; fileRef = AB6A54572C8DE9BB00B8E001 /* Preview Assets.xcassets */; };
		AB8AEF2C2C8DF328008735EE /* CalManager.swift in Sources */ = {isa = PBXBuildFile; fileRef = AB8AEF2B2C8DF328008735EE /* CalManager.swift */; };
		AB8AEF2E2C8DF3CA008735EE /* AppViewModel.swift in Sources */ = {isa = PBXBuildFile; fileRef = AB8AEF2D2C8DF3CA008735EE /* AppViewModel.swift */; };
		AB8AEF332C8DF65D008735EE /* AppState.swift in Sources */ = {isa = PBXBuildFile; fileRef = AB8AEF322C8DF65D008735EE /* AppState.swift */; };
/* End PBXBuildFile section */

/* Begin PBXFileReference section */
		AB3D8AB02C94DEFF00C55CAF /* SampleDataPreviewModifier.swift */ = {isa = PBXFileReference; lastKnownFileType = sourcecode.swift; path = SampleDataPreviewModifier.swift; sourceTree = "<group>"; };
		AB3D8AB22C94EE7500C55CAF /* ModelConfiguration+Extension.swift */ = {isa = PBXFileReference; lastKnownFileType = sourcecode.swift; path = "ModelConfiguration+Extension.swift"; sourceTree = "<group>"; };
		AB3D8AB62C94F32100C55CAF /* DependencyRelatedContent.swift */ = {isa = PBXFileReference; lastKnownFileType = sourcecode.swift; path = DependencyRelatedContent.swift; sourceTree = "<group>"; };
		AB3D8AC12C94F8EE00C55CAF /* SettingsScreen.swift */ = {isa = PBXFileReference; lastKnownFileType = sourcecode.swift; path = SettingsScreen.swift; sourceTree = "<group>"; };
		AB6A544C2C8DE9B900B8E001 /* Nachhilfe Manager.app */ = {isa = PBXFileReference; explicitFileType = wrapper.application; includeInIndex = 0; path = "Nachhilfe Manager.app"; sourceTree = BUILT_PRODUCTS_DIR; };
		AB6A544F2C8DE9B900B8E001 /* Nachhilfe_ManagerApp.swift */ = {isa = PBXFileReference; lastKnownFileType = sourcecode.swift; path = Nachhilfe_ManagerApp.swift; sourceTree = "<group>"; };
		AB6A54512C8DE9B900B8E001 /* ContentView.swift */ = {isa = PBXFileReference; lastKnownFileType = sourcecode.swift; path = ContentView.swift; sourceTree = "<group>"; };
		AB6A54532C8DE9BB00B8E001 /* Assets.xcassets */ = {isa = PBXFileReference; lastKnownFileType = folder.assetcatalog; path = Assets.xcassets; sourceTree = "<group>"; };
		AB6A54552C8DE9BB00B8E001 /* Nachhilfe_Manager.entitlements */ = {isa = PBXFileReference; lastKnownFileType = text.plist.entitlements; path = Nachhilfe_Manager.entitlements; sourceTree = "<group>"; };
		AB6A54572C8DE9BB00B8E001 /* Preview Assets.xcassets */ = {isa = PBXFileReference; lastKnownFileType = folder.assetcatalog; path = "Preview Assets.xcassets"; sourceTree = "<group>"; };
		AB6A545E2C8DEAC600B8E001 /* Nachhilfe-Manager-Info.plist */ = {isa = PBXFileReference; lastKnownFileType = text.plist; path = "Nachhilfe-Manager-Info.plist"; sourceTree = SOURCE_ROOT; };
		AB8AEF2B2C8DF328008735EE /* CalManager.swift */ = {isa = PBXFileReference; lastKnownFileType = sourcecode.swift; path = CalManager.swift; sourceTree = "<group>"; };
		AB8AEF2D2C8DF3CA008735EE /* AppViewModel.swift */ = {isa = PBXFileReference; lastKnownFileType = sourcecode.swift; path = AppViewModel.swift; sourceTree = "<group>"; };
		AB8AEF322C8DF65D008735EE /* AppState.swift */ = {isa = PBXFileReference; lastKnownFileType = sourcecode.swift; path = AppState.swift; sourceTree = "<group>"; };
/* End PBXFileReference section */

/* Begin PBXFileSystemSynchronizedRootGroup section */
		AB3D8AAB2C94DBA500C55CAF /* Models */ = {isa = PBXFileSystemSynchronizedRootGroup; explicitFileTypes = {}; explicitFolders = (); path = Models; sourceTree = "<group>"; };
		AB3D8AC02C94F62E00C55CAF /* Tabs */ = {isa = PBXFileSystemSynchronizedRootGroup; explicitFileTypes = {}; explicitFolders = (); path = Tabs; sourceTree = "<group>"; };
/* End PBXFileSystemSynchronizedRootGroup section */

/* Begin PBXFrameworksBuildPhase section */
		AB6A54492C8DE9B900B8E001 /* Frameworks */ = {
			isa = PBXFrameworksBuildPhase;
			buildActionMask = 2147483647;
			files = (
			);
			runOnlyForDeploymentPostprocessing = 0;
		};
/* End PBXFrameworksBuildPhase section */

/* Begin PBXGroup section */
		AB6A54432C8DE9B900B8E001 = {
			isa = PBXGroup;
			children = (
				AB6A544E2C8DE9B900B8E001 /* Nachhilfe Manager */,
				AB6A544D2C8DE9B900B8E001 /* Products */,
			);
			sourceTree = "<group>";
		};
		AB6A544D2C8DE9B900B8E001 /* Products */ = {
			isa = PBXGroup;
			children = (
				AB6A544C2C8DE9B900B8E001 /* Nachhilfe Manager.app */,
			);
			name = Products;
			sourceTree = "<group>";
		};
		AB6A544E2C8DE9B900B8E001 /* Nachhilfe Manager */ = {
			isa = PBXGroup;
			children = (
				AB6A545E2C8DEAC600B8E001 /* Nachhilfe-Manager-Info.plist */,
				AB6A544F2C8DE9B900B8E001 /* Nachhilfe_ManagerApp.swift */,
				AB8AEF282C8DF2DF008735EE /* Content */,
				AB8AEF292C8DF2E2008735EE /* Support */,
				AB8AEF312C8DF651008735EE /* Helpers */,
				AB8AEF2A2C8DF2E7008735EE /* Manager */,
				AB3D8AAB2C94DBA500C55CAF /* Models */,
				AB6A54532C8DE9BB00B8E001 /* Assets.xcassets */,
				AB6A54552C8DE9BB00B8E001 /* Nachhilfe_Manager.entitlements */,
				AB6A54562C8DE9BB00B8E001 /* Preview Content */,
			);
			path = "Nachhilfe Manager";
			sourceTree = "<group>";
		};
		AB6A54562C8DE9BB00B8E001 /* Preview Content */ = {
			isa = PBXGroup;
			children = (
				AB6A54572C8DE9BB00B8E001 /* Preview Assets.xcassets */,
			);
			path = "Preview Content";
			sourceTree = "<group>";
		};
		AB8AEF282C8DF2DF008735EE /* Content */ = {
			isa = PBXGroup;
			children = (
				AB6A54512C8DE9B900B8E001 /* ContentView.swift */,
				AB3D8AC02C94F62E00C55CAF /* Tabs */,
				AB3D8AC12C94F8EE00C55CAF /* SettingsScreen.swift */,
			);
			path = Content;
			sourceTree = "<group>";
		};
		AB8AEF292C8DF2E2008735EE /* Support */ = {
			isa = PBXGroup;
			children = (
				AB8AEF2D2C8DF3CA008735EE /* AppViewModel.swift */,
				AB3D8AB02C94DEFF00C55CAF /* SampleDataPreviewModifier.swift */,
			);
			path = Support;
			sourceTree = "<group>";
		};
		AB8AEF2A2C8DF2E7008735EE /* Manager */ = {
			isa = PBXGroup;
			children = (
				AB8AEF2B2C8DF328008735EE /* CalManager.swift */,
			);
			path = Manager;
			sourceTree = "<group>";
		};
		AB8AEF312C8DF651008735EE /* Helpers */ = {
			isa = PBXGroup;
			children = (
				AB8AEF322C8DF65D008735EE /* AppState.swift */,
				AB3D8AB22C94EE7500C55CAF /* ModelConfiguration+Extension.swift */,
				AB3D8AB62C94F32100C55CAF /* DependencyRelatedContent.swift */,
			);
			path = Helpers;
			sourceTree = "<group>";
		};
/* End PBXGroup section */

/* Begin PBXNativeTarget section */
		AB6A544B2C8DE9B900B8E001 /* Nachhilfe Manager */ = {
			isa = PBXNativeTarget;
			buildConfigurationList = AB6A545B2C8DE9BB00B8E001 /* Build configuration list for PBXNativeTarget "Nachhilfe Manager" */;
			buildPhases = (
				AB6A54482C8DE9B900B8E001 /* Sources */,
				AB6A54492C8DE9B900B8E001 /* Frameworks */,
				AB6A544A2C8DE9B900B8E001 /* Resources */,
			);
			buildRules = (
			);
			dependencies = (
			);
			fileSystemSynchronizedGroups = (
				AB3D8AAB2C94DBA500C55CAF /* Models */,
				AB3D8AC02C94F62E00C55CAF /* Tabs */,
			);
			name = "Nachhilfe Manager";
			productName = "Nachhilfe Manager";
			productReference = AB6A544C2C8DE9B900B8E001 /* Nachhilfe Manager.app */;
			productType = "com.apple.product-type.application";
		};
/* End PBXNativeTarget section */

/* Begin PBXProject section */
		AB6A54442C8DE9B900B8E001 /* Project object */ = {
			isa = PBXProject;
			attributes = {
				BuildIndependentTargetsInParallel = 1;
				LastSwiftUpdateCheck = 1540;
				LastUpgradeCheck = 1600;
				TargetAttributes = {
					AB6A544B2C8DE9B900B8E001 = {
						CreatedOnToolsVersion = 15.4;
					};
				};
			};
			buildConfigurationList = AB6A54472C8DE9B900B8E001 /* Build configuration list for PBXProject "Nachhilfe Manager" */;
			compatibilityVersion = "Xcode 14.0";
			developmentRegion = en;
			hasScannedForEncodings = 0;
			knownRegions = (
				en,
				Base,
			);
			mainGroup = AB6A54432C8DE9B900B8E001;
			productRefGroup = AB6A544D2C8DE9B900B8E001 /* Products */;
			projectDirPath = "";
			projectRoot = "";
			targets = (
				AB6A544B2C8DE9B900B8E001 /* Nachhilfe Manager */,
			);
		};
/* End PBXProject section */

/* Begin PBXResourcesBuildPhase section */
		AB6A544A2C8DE9B900B8E001 /* Resources */ = {
			isa = PBXResourcesBuildPhase;
			buildActionMask = 2147483647;
			files = (
				AB6A54582C8DE9BB00B8E001 /* Preview Assets.xcassets in Resources */,
				AB6A54542C8DE9BB00B8E001 /* Assets.xcassets in Resources */,
			);
			runOnlyForDeploymentPostprocessing = 0;
		};
/* End PBXResourcesBuildPhase section */

/* Begin PBXSourcesBuildPhase section */
		AB6A54482C8DE9B900B8E001 /* Sources */ = {
			isa = PBXSourcesBuildPhase;
			buildActionMask = 2147483647;
			files = (
				AB6A54522C8DE9B900B8E001 /* ContentView.swift in Sources */,
				AB6A54502C8DE9B900B8E001 /* Nachhilfe_ManagerApp.swift in Sources */,
				AB8AEF2E2C8DF3CA008735EE /* AppViewModel.swift in Sources */,
				AB8AEF332C8DF65D008735EE /* AppState.swift in Sources */,
				AB3D8AB72C94F32100C55CAF /* DependencyRelatedContent.swift in Sources */,
				AB3D8AB12C94DEFF00C55CAF /* SampleDataPreviewModifier.swift in Sources */,
				AB3D8AC22C94F8EE00C55CAF /* SettingsScreen.swift in Sources */,
				AB3D8AB32C94EE7500C55CAF /* ModelConfiguration+Extension.swift in Sources */,
				AB8AEF2C2C8DF328008735EE /* CalManager.swift in Sources */,
			);
			runOnlyForDeploymentPostprocessing = 0;
		};
/* End PBXSourcesBuildPhase section */

/* Begin XCBuildConfiguration section */
		AB6A54592C8DE9BB00B8E001 /* Debug */ = {
			isa = XCBuildConfiguration;
			buildSettings = {
				ALWAYS_SEARCH_USER_PATHS = NO;
				ASSETCATALOG_COMPILER_GENERATE_SWIFT_ASSET_SYMBOL_EXTENSIONS = YES;
				CLANG_ANALYZER_NONNULL = YES;
				CLANG_ANALYZER_NUMBER_OBJECT_CONVERSION = YES_AGGRESSIVE;
				CLANG_CXX_LANGUAGE_STANDARD = "gnu++20";
				CLANG_ENABLE_MODULES = YES;
				CLANG_ENABLE_OBJC_ARC = YES;
				CLANG_ENABLE_OBJC_WEAK = YES;
				CLANG_WARN_BLOCK_CAPTURE_AUTORELEASING = YES;
				CLANG_WARN_BOOL_CONVERSION = YES;
				CLANG_WARN_COMMA = YES;
				CLANG_WARN_CONSTANT_CONVERSION = YES;
				CLANG_WARN_DEPRECATED_OBJC_IMPLEMENTATIONS = YES;
				CLANG_WARN_DIRECT_OBJC_ISA_USAGE = YES_ERROR;
				CLANG_WARN_DOCUMENTATION_COMMENTS = YES;
				CLANG_WARN_EMPTY_BODY = YES;
				CLANG_WARN_ENUM_CONVERSION = YES;
				CLANG_WARN_INFINITE_RECURSION = YES;
				CLANG_WARN_INT_CONVERSION = YES;
				CLANG_WARN_NON_LITERAL_NULL_CONVERSION = YES;
				CLANG_WARN_OBJC_IMPLICIT_RETAIN_SELF = YES;
				CLANG_WARN_OBJC_LITERAL_CONVERSION = YES;
				CLANG_WARN_OBJC_ROOT_CLASS = YES_ERROR;
				CLANG_WARN_QUOTED_INCLUDE_IN_FRAMEWORK_HEADER = YES;
				CLANG_WARN_RANGE_LOOP_ANALYSIS = YES;
				CLANG_WARN_STRICT_PROTOTYPES = YES;
				CLANG_WARN_SUSPICIOUS_MOVE = YES;
				CLANG_WARN_UNGUARDED_AVAILABILITY = YES_AGGRESSIVE;
				CLANG_WARN_UNREACHABLE_CODE = YES;
				CLANG_WARN__DUPLICATE_METHOD_MATCH = YES;
				COPY_PHASE_STRIP = NO;
				DEAD_CODE_STRIPPING = YES;
				DEBUG_INFORMATION_FORMAT = dwarf;
				ENABLE_STRICT_OBJC_MSGSEND = YES;
				ENABLE_TESTABILITY = YES;
				ENABLE_USER_SCRIPT_SANDBOXING = YES;
				GCC_C_LANGUAGE_STANDARD = gnu17;
				GCC_DYNAMIC_NO_PIC = NO;
				GCC_NO_COMMON_BLOCKS = YES;
				GCC_OPTIMIZATION_LEVEL = 0;
				GCC_PREPROCESSOR_DEFINITIONS = (
					"DEBUG=1",
					"$(inherited)",
				);
				GCC_WARN_64_TO_32_BIT_CONVERSION = YES;
				GCC_WARN_ABOUT_RETURN_TYPE = YES_ERROR;
				GCC_WARN_UNDECLARED_SELECTOR = YES;
				GCC_WARN_UNINITIALIZED_AUTOS = YES_AGGRESSIVE;
				GCC_WARN_UNUSED_FUNCTION = YES;
				GCC_WARN_UNUSED_VARIABLE = YES;
				LOCALIZATION_PREFERS_STRING_CATALOGS = YES;
				MTL_ENABLE_DEBUG_INFO = INCLUDE_SOURCE;
				MTL_FAST_MATH = YES;
				ONLY_ACTIVE_ARCH = YES;
				SWIFT_ACTIVE_COMPILATION_CONDITIONS = "DEBUG $(inherited)";
				SWIFT_OPTIMIZATION_LEVEL = "-Onone";
			};
			name = Debug;
		};
		AB6A545A2C8DE9BB00B8E001 /* Release */ = {
			isa = XCBuildConfiguration;
			buildSettings = {
				ALWAYS_SEARCH_USER_PATHS = NO;
				ASSETCATALOG_COMPILER_GENERATE_SWIFT_ASSET_SYMBOL_EXTENSIONS = YES;
				CLANG_ANALYZER_NONNULL = YES;
				CLANG_ANALYZER_NUMBER_OBJECT_CONVERSION = YES_AGGRESSIVE;
				CLANG_CXX_LANGUAGE_STANDARD = "gnu++20";
				CLANG_ENABLE_MODULES = YES;
				CLANG_ENABLE_OBJC_ARC = YES;
				CLANG_ENABLE_OBJC_WEAK = YES;
				CLANG_WARN_BLOCK_CAPTURE_AUTORELEASING = YES;
				CLANG_WARN_BOOL_CONVERSION = YES;
				CLANG_WARN_COMMA = YES;
				CLANG_WARN_CONSTANT_CONVERSION = YES;
				CLANG_WARN_DEPRECATED_OBJC_IMPLEMENTATIONS = YES;
				CLANG_WARN_DIRECT_OBJC_ISA_USAGE = YES_ERROR;
				CLANG_WARN_DOCUMENTATION_COMMENTS = YES;
				CLANG_WARN_EMPTY_BODY = YES;
				CLANG_WARN_ENUM_CONVERSION = YES;
				CLANG_WARN_INFINITE_RECURSION = YES;
				CLANG_WARN_INT_CONVERSION = YES;
				CLANG_WARN_NON_LITERAL_NULL_CONVERSION = YES;
				CLANG_WARN_OBJC_IMPLICIT_RETAIN_SELF = YES;
				CLANG_WARN_OBJC_LITERAL_CONVERSION = YES;
				CLANG_WARN_OBJC_ROOT_CLASS = YES_ERROR;
				CLANG_WARN_QUOTED_INCLUDE_IN_FRAMEWORK_HEADER = YES;
				CLANG_WARN_RANGE_LOOP_ANALYSIS = YES;
				CLANG_WARN_STRICT_PROTOTYPES = YES;
				CLANG_WARN_SUSPICIOUS_MOVE = YES;
				CLANG_WARN_UNGUARDED_AVAILABILITY = YES_AGGRESSIVE;
				CLANG_WARN_UNREACHABLE_CODE = YES;
				CLANG_WARN__DUPLICATE_METHOD_MATCH = YES;
				COPY_PHASE_STRIP = NO;
				DEAD_CODE_STRIPPING = YES;
				DEBUG_INFORMATION_FORMAT = "dwarf-with-dsym";
				ENABLE_NS_ASSERTIONS = NO;
				ENABLE_STRICT_OBJC_MSGSEND = YES;
				ENABLE_USER_SCRIPT_SANDBOXING = YES;
				GCC_C_LANGUAGE_STANDARD = gnu17;
				GCC_NO_COMMON_BLOCKS = YES;
				GCC_WARN_64_TO_32_BIT_CONVERSION = YES;
				GCC_WARN_ABOUT_RETURN_TYPE = YES_ERROR;
				GCC_WARN_UNDECLARED_SELECTOR = YES;
				GCC_WARN_UNINITIALIZED_AUTOS = YES_AGGRESSIVE;
				GCC_WARN_UNUSED_FUNCTION = YES;
				GCC_WARN_UNUSED_VARIABLE = YES;
				LOCALIZATION_PREFERS_STRING_CATALOGS = YES;
				MTL_ENABLE_DEBUG_INFO = NO;
				MTL_FAST_MATH = YES;
				SWIFT_COMPILATION_MODE = wholemodule;
			};
			name = Release;
		};
		AB6A545C2C8DE9BB00B8E001 /* Debug */ = {
			isa = XCBuildConfiguration;
			buildSettings = {
				ASSETCATALOG_COMPILER_APPICON_NAME = AppIcon;
				ASSETCATALOG_COMPILER_GLOBAL_ACCENT_COLOR_NAME = AccentColor;
				CODE_SIGN_ENTITLEMENTS = "Nachhilfe Manager/Nachhilfe_Manager.entitlements";
				CODE_SIGN_STYLE = Automatic;
				CURRENT_PROJECT_VERSION = 1;
				DEAD_CODE_STRIPPING = YES;
				DEVELOPMENT_ASSET_PATHS = "\"Nachhilfe Manager/Preview Content\"";
				DEVELOPMENT_TEAM = D385MXT68Z;
				ENABLE_HARDENED_RUNTIME = YES;
				ENABLE_PREVIEWS = YES;
				GENERATE_INFOPLIST_FILE = YES;
				INFOPLIST_FILE = "Nachhilfe-Manager-Info.plist";
				INFOPLIST_KEY_LSApplicationCategoryType = "public.app-category.business";
				"INFOPLIST_KEY_UIApplicationSceneManifest_Generation[sdk=iphoneos*]" = YES;
				"INFOPLIST_KEY_UIApplicationSceneManifest_Generation[sdk=iphonesimulator*]" = YES;
				"INFOPLIST_KEY_UIApplicationSupportsIndirectInputEvents[sdk=iphoneos*]" = YES;
				"INFOPLIST_KEY_UIApplicationSupportsIndirectInputEvents[sdk=iphonesimulator*]" = YES;
				"INFOPLIST_KEY_UILaunchScreen_Generation[sdk=iphoneos*]" = YES;
				"INFOPLIST_KEY_UILaunchScreen_Generation[sdk=iphonesimulator*]" = YES;
				"INFOPLIST_KEY_UIStatusBarStyle[sdk=iphoneos*]" = UIStatusBarStyleDefault;
				"INFOPLIST_KEY_UIStatusBarStyle[sdk=iphonesimulator*]" = UIStatusBarStyleDefault;
				INFOPLIST_KEY_UISupportedInterfaceOrientations_iPad = "UIInterfaceOrientationPortrait UIInterfaceOrientationPortraitUpsideDown UIInterfaceOrientationLandscapeLeft UIInterfaceOrientationLandscapeRight";
				INFOPLIST_KEY_UISupportedInterfaceOrientations_iPhone = "UIInterfaceOrientationPortrait UIInterfaceOrientationLandscapeLeft UIInterfaceOrientationLandscapeRight";
				IPHONEOS_DEPLOYMENT_TARGET = 18.0;
				LD_RUNPATH_SEARCH_PATHS = "@executable_path/Frameworks";
				"LD_RUNPATH_SEARCH_PATHS[sdk=macosx*]" = "@executable_path/../Frameworks";
				MACOSX_DEPLOYMENT_TARGET = 15.0;
				MARKETING_VERSION = 1.0;
				PRODUCT_BUNDLE_IDENTIFIER = "com.leonweimann.Nachhilfe-Manager";
				PRODUCT_NAME = "$(TARGET_NAME)";
				SDKROOT = auto;
				SUPPORTED_PLATFORMS = "iphoneos iphonesimulator macosx";
				SWIFT_EMIT_LOC_STRINGS = YES;
				SWIFT_VERSION = 6.0;
				TARGETED_DEVICE_FAMILY = "1,2";
			};
			name = Debug;
		};
		AB6A545D2C8DE9BB00B8E001 /* Release */ = {
			isa = XCBuildConfiguration;
			buildSettings = {
				ASSETCATALOG_COMPILER_APPICON_NAME = AppIcon;
				ASSETCATALOG_COMPILER_GLOBAL_ACCENT_COLOR_NAME = AccentColor;
				CODE_SIGN_ENTITLEMENTS = "Nachhilfe Manager/Nachhilfe_Manager.entitlements";
				CODE_SIGN_STYLE = Automatic;
				CURRENT_PROJECT_VERSION = 1;
				DEAD_CODE_STRIPPING = YES;
				DEVELOPMENT_ASSET_PATHS = "\"Nachhilfe Manager/Preview Content\"";
				DEVELOPMENT_TEAM = D385MXT68Z;
				ENABLE_HARDENED_RUNTIME = YES;
				ENABLE_PREVIEWS = YES;
				GENERATE_INFOPLIST_FILE = YES;
				INFOPLIST_FILE = "Nachhilfe-Manager-Info.plist";
				INFOPLIST_KEY_LSApplicationCategoryType = "public.app-category.business";
				"INFOPLIST_KEY_UIApplicationSceneManifest_Generation[sdk=iphoneos*]" = YES;
				"INFOPLIST_KEY_UIApplicationSceneManifest_Generation[sdk=iphonesimulator*]" = YES;
				"INFOPLIST_KEY_UIApplicationSupportsIndirectInputEvents[sdk=iphoneos*]" = YES;
				"INFOPLIST_KEY_UIApplicationSupportsIndirectInputEvents[sdk=iphonesimulator*]" = YES;
				"INFOPLIST_KEY_UILaunchScreen_Generation[sdk=iphoneos*]" = YES;
				"INFOPLIST_KEY_UILaunchScreen_Generation[sdk=iphonesimulator*]" = YES;
				"INFOPLIST_KEY_UIStatusBarStyle[sdk=iphoneos*]" = UIStatusBarStyleDefault;
				"INFOPLIST_KEY_UIStatusBarStyle[sdk=iphonesimulator*]" = UIStatusBarStyleDefault;
				INFOPLIST_KEY_UISupportedInterfaceOrientations_iPad = "UIInterfaceOrientationPortrait UIInterfaceOrientationPortraitUpsideDown UIInterfaceOrientationLandscapeLeft UIInterfaceOrientationLandscapeRight";
				INFOPLIST_KEY_UISupportedInterfaceOrientations_iPhone = "UIInterfaceOrientationPortrait UIInterfaceOrientationLandscapeLeft UIInterfaceOrientationLandscapeRight";
				IPHONEOS_DEPLOYMENT_TARGET = 18.0;
				LD_RUNPATH_SEARCH_PATHS = "@executable_path/Frameworks";
				"LD_RUNPATH_SEARCH_PATHS[sdk=macosx*]" = "@executable_path/../Frameworks";
				MACOSX_DEPLOYMENT_TARGET = 15.0;
				MARKETING_VERSION = 1.0;
				PRODUCT_BUNDLE_IDENTIFIER = "com.leonweimann.Nachhilfe-Manager";
				PRODUCT_NAME = "$(TARGET_NAME)";
				SDKROOT = auto;
				SUPPORTED_PLATFORMS = "iphoneos iphonesimulator macosx";
				SWIFT_EMIT_LOC_STRINGS = YES;
				SWIFT_VERSION = 6.0;
				TARGETED_DEVICE_FAMILY = "1,2";
			};
			name = Release;
		};
/* End XCBuildConfiguration section */

/* Begin XCConfigurationList section */
		AB6A54472C8DE9B900B8E001 /* Build configuration list for PBXProject "Nachhilfe Manager" */ = {
			isa = XCConfigurationList;
			buildConfigurations = (
				AB6A54592C8DE9BB00B8E001 /* Debug */,
				AB6A545A2C8DE9BB00B8E001 /* Release */,
			);
			defaultConfigurationIsVisible = 0;
			defaultConfigurationName = Release;
		};
		AB6A545B2C8DE9BB00B8E001 /* Build configuration list for PBXNativeTarget "Nachhilfe Manager" */ = {
			isa = XCConfigurationList;
			buildConfigurations = (
				AB6A545C2C8DE9BB00B8E001 /* Debug */,
				AB6A545D2C8DE9BB00B8E001 /* Release */,
			);
			defaultConfigurationIsVisible = 0;
			defaultConfigurationName = Release;
		};
/* End XCConfigurationList section */
	};
	rootObject = AB6A54442C8DE9B900B8E001 /* Project object */;
}
